
Microsoft Visual Studio Solution File, Format Version 12.00
# Visual Studio Version 17
VisualStudioVersion = 17.0.32014.148
MinimumVisualStudioVersion = 10.0.40219.1
Project("{FAE04EC0-301F-11D3-BF4B-00C04F79EFBC}") = "lesson5.1", "lesson5\lesson5.1.csproj", "{AD7CA286-1D02-438A-A902-95003E88E0D8}"
EndProject
Project("{FAE04EC0-301F-11D3-BF4B-00C04F79EFBC}") = "lesson5.2", "lesson5.2\lesson5.2.csproj", "{3EBB1C59-CFC2-4BEC-B299-0E33D07FC070}"
EndProject
Global
	GlobalSection(SolutionConfigurationPlatforms) = preSolution
		Debug|Any CPU = Debug|Any CPU
		Release|Any CPU = Release|Any CPU
	EndGlobalSection
	GlobalSection(ProjectConfigurationPlatforms) = postSolution
		{AD7CA286-1D02-438A-A902-95003E88E0D8}.Debug|Any CPU.ActiveCfg = Debug|Any CPU
		{AD7CA286-1D02-438A-A902-95003E88E0D8}.Debug|Any CPU.Build.0 = Debug|Any CPU
		{AD7CA286-1D02-438A-A902-95003E88E0D8}.Release|Any CPU.ActiveCfg = Release|Any CPU
		{AD7CA286-1D02-438A-A902-95003E88E0D8}.Release|Any CPU.Build.0 = Release|Any CPU
		{3EBB1C59-CFC2-4BEC-B299-0E33D07FC070}.Debug|Any CPU.ActiveCfg = Debug|Any CPU
		{3EBB1C59-CFC2-4BEC-B299-0E33D07FC070}.Debug|Any CPU.Build.0 = Debug|Any CPU
		{3EBB1C59-CFC2-4BEC-B299-0E33D07FC070}.Release|Any CPU.ActiveCfg = Release|Any CPU
		{3EBB1C59-CFC2-4BEC-B299-0E33D07FC070}.Release|Any CPU.Build.0 = Release|Any CPU
	EndGlobalSection
	GlobalSection(SolutionProperties) = preSolution
		HideSolutionNode = FALSE
	EndGlobalSection
	GlobalSection(ExtensibilityGlobals) = postSolution
		SolutionGuid = {76DD0612-5C0F-4CC2-BB0D-8909F136BBAE}
	EndGlobalSection
EndGlobal
